
Microsoft Visual Studio Solution File, Format Version 12.00
# Visual Studio Version 17
VisualStudioVersion = 17.4.33122.133
MinimumVisualStudioVersion = 10.0.40219.1
Project("{FAE04EC0-301F-11D3-BF4B-00C04F79EFBC}") = "PORTAFOLIO", "PORTAFOLIO\PORTAFOLIO.csproj", "{340C1DF5-2638-4B1D-B4C0-C524F19B313E}"
EndProject
Global
	GlobalSection(SolutionConfigurationPlatforms) = preSolution
		Debug|Any CPU = Debug|Any CPU
		Release|Any CPU = Release|Any CPU
	EndGlobalSection
	GlobalSection(ProjectConfigurationPlatforms) = postSolution
		{340C1DF5-2638-4B1D-B4C0-C524F19B313E}.Debug|Any CPU.ActiveCfg = Debug|Any CPU
		{340C1DF5-2638-4B1D-B4C0-C524F19B313E}.Debug|Any CPU.Build.0 = Debug|Any CPU
		{340C1DF5-2638-4B1D-B4C0-C524F19B313E}.Release|Any CPU.ActiveCfg = Release|Any CPU
		{340C1DF5-2638-4B1D-B4C0-C524F19B313E}.Release|Any CPU.Build.0 = Release|Any CPU
	EndGlobalSection
	GlobalSection(SolutionProperties) = preSolution
		HideSolutionNode = FALSE
	EndGlobalSection
	GlobalSection(ExtensibilityGlobals) = postSolution
		SolutionGuid = {8180870F-042D-416F-84F2-BDBBA8EC4102}
	EndGlobalSection
EndGlobal
